// !$*UTF8*$!
{
	archiveVersion = 1;
	classes = {
	};
	objectVersion = 46;
	objects = {

/* Begin PBXBuildFile section */
		D68752491D04289C00C39020 /* main.m in Sources */ = {isa = PBXBuildFile; fileRef = D68752481D04289C00C39020 /* main.m */; };
		D687524C1D04289C00C39020 /* AppDelegate.m in Sources */ = {isa = PBXBuildFile; fileRef = D687524B1D04289C00C39020 /* AppDelegate.m */; };
		D68752521D04289C00C39020 /* Main.storyboard in Resources */ = {isa = PBXBuildFile; fileRef = D68752501D04289C00C39020 /* Main.storyboard */; };
		D68752541D04289C00C39020 /* Assets.xcassets in Resources */ = {isa = PBXBuildFile; fileRef = D68752531D04289C00C39020 /* Assets.xcassets */; };
		D68752601D042D6800C39020 /* TableViewController.m in Sources */ = {isa = PBXBuildFile; fileRef = D687525F1D042D6800C39020 /* TableViewController.m */; };
		D68752691D0592D900C39020 /* CustomCell.xib in Resources */ = {isa = PBXBuildFile; fileRef = D68752681D0592D900C39020 /* CustomCell.xib */; };
		D687526F1D0593B900C39020 /* CustomCell.m in Sources */ = {isa = PBXBuildFile; fileRef = D687526E1D0593B900C39020 /* CustomCell.m */; };
/* End PBXBuildFile section */

/* Begin PBXFileReference section */
		D68752441D04289C00C39020 /* Using UiViewTable.app */ = {isa = PBXFileReference; explicitFileType = wrapper.application; includeInIndex = 0; path = "Using UiViewTable.app"; sourceTree = BUILT_PRODUCTS_DIR; };
		D68752481D04289C00C39020 /* main.m */ = {isa = PBXFileReference; lastKnownFileType = sourcecode.c.objc; path = main.m; sourceTree = "<group>"; };
		D687524A1D04289C00C39020 /* AppDelegate.h */ = {isa = PBXFileReference; lastKnownFileType = sourcecode.c.h; path = AppDelegate.h; sourceTree = "<group>"; };
		D687524B1D04289C00C39020 /* AppDelegate.m */ = {isa = PBXFileReference; lastKnownFileType = sourcecode.c.objc; path = AppDelegate.m; sourceTree = "<group>"; };
		D68752511D04289C00C39020 /* Base */ = {isa = PBXFileReference; lastKnownFileType = file.storyboard; name = Base; path = Base.lproj/Main.storyboard; sourceTree = "<group>"; };
		D68752531D04289C00C39020 /* Assets.xcassets */ = {isa = PBXFileReference; lastKnownFileType = folder.assetcatalog; path = Assets.xcassets; sourceTree = "<group>"; };
		D68752581D04289C00C39020 /* Info.plist */ = {isa = PBXFileReference; lastKnownFileType = text.plist.xml; path = Info.plist; sourceTree = "<group>"; };
		D687525E1D042D6800C39020 /* TableViewController.h */ = {isa = PBXFileReference; fileEncoding = 4; lastKnownFileType = sourcecode.c.h; path = TableViewController.h; sourceTree = "<group>"; };
		D687525F1D042D6800C39020 /* TableViewController.m */ = {isa = PBXFileReference; fileEncoding = 4; lastKnownFileType = sourcecode.c.objc; path = TableViewController.m; sourceTree = "<group>"; };
		D68752681D0592D900C39020 /* CustomCell.xib */ = {isa = PBXFileReference; fileEncoding = 4; lastKnownFileType = file.xib; path = CustomCell.xib; sourceTree = "<group>"; };
		D687526D1D0593B900C39020 /* CustomCell.h */ = {isa = PBXFileReference; fileEncoding = 4; lastKnownFileType = sourcecode.c.h; name = CustomCell.h; path = ../CustomCell.h; sourceTree = "<group>"; };
		D687526E1D0593B900C39020 /* CustomCell.m */ = {isa = PBXFileReference; fileEncoding = 4; lastKnownFileType = sourcecode.c.objc; name = CustomCell.m; path = ../CustomCell.m; sourceTree = "<group>"; };
/* End PBXFileReference section */

/* Begin PBXFrameworksBuildPhase section */
		D68752411D04289C00C39020 /* Frameworks */ = {
			isa = PBXFrameworksBuildPhase;
			buildActionMask = 2147483647;
			files = (
			);
			runOnlyForDeploymentPostprocessing = 0;
		};
/* End PBXFrameworksBuildPhase section */

/* Begin PBXGroup section */
		D687523B1D04289C00C39020 = {
			isa = PBXGroup;
			children = (
				D68752461D04289C00C39020 /* Using UiViewTable */,
				D68752451D04289C00C39020 /* Products */,
			);
			sourceTree = "<group>";
		};
		D68752451D04289C00C39020 /* Products */ = {
			isa = PBXGroup;
			children = (
				D68752441D04289C00C39020 /* Using UiViewTable.app */,
			);
			name = Products;
			sourceTree = "<group>";
		};
		D68752461D04289C00C39020 /* Using UiViewTable */ = {
			isa = PBXGroup;
			children = (
				D687524A1D04289C00C39020 /* AppDelegate.h */,
				D687524B1D04289C00C39020 /* AppDelegate.m */,
				D687525E1D042D6800C39020 /* TableViewController.h */,
				D687525F1D042D6800C39020 /* TableViewController.m */,
				D68752501D04289C00C39020 /* Main.storyboard */,
				D68752681D0592D900C39020 /* CustomCell.xib */,
				D687526D1D0593B900C39020 /* CustomCell.h */,
				D687526E1D0593B900C39020 /* CustomCell.m */,
				D68752531D04289C00C39020 /* Assets.xcassets */,
				D68752581D04289C00C39020 /* Info.plist */,
				D68752471D04289C00C39020 /* Supporting Files */,
			);
			path = "Using UiViewTable";
			sourceTree = "<group>";
		};
		D68752471D04289C00C39020 /* Supporting Files */ = {
			isa = PBXGroup;
			children = (
				D68752481D04289C00C39020 /* main.m */,
			);
			name = "Supporting Files";
			sourceTree = "<group>";
		};
/* End PBXGroup section */

/* Begin PBXNativeTarget section */
		D68752431D04289C00C39020 /* Using UiViewTable */ = {
			isa = PBXNativeTarget;
			buildConfigurationList = D687525B1D04289C00C39020 /* Build configuration list for PBXNativeTarget "Using UiViewTable" */;
			buildPhases = (
				D68752401D04289C00C39020 /* Sources */,
				D68752411D04289C00C39020 /* Frameworks */,
				D68752421D04289C00C39020 /* Resources */,
			);
			buildRules = (
			);
			dependencies = (
			);
			name = "Using UiViewTable";
			productName = "Using UiViewTable";
			productReference = D68752441D04289C00C39020 /* Using UiViewTable.app */;
			productType = "com.apple.product-type.application";
		};
/* End PBXNativeTarget section */

/* Begin PBXProject section */
		D687523C1D04289C00C39020 /* Project object */ = {
			isa = PBXProject;
			attributes = {
				LastUpgradeCheck = 0720;
				ORGANIZATIONNAME = "Abhishek Vora";
				TargetAttributes = {
					D68752431D04289C00C39020 = {
						CreatedOnToolsVersion = 7.2;
					};
				};
			};
			buildConfigurationList = D687523F1D04289C00C39020 /* Build configuration list for PBXProject "Using UiViewTable" */;
			compatibilityVersion = "Xcode 3.2";
			developmentRegion = English;
			hasScannedForEncodings = 0;
			knownRegions = (
				en,
				Base,
			);
			mainGroup = D687523B1D04289C00C39020;
			productRefGroup = D68752451D04289C00C39020 /* Products */;
			projectDirPath = "";
			projectRoot = "";
			targets = (
				D68752431D04289C00C39020 /* Using UiViewTable */,
			);
		};
/* End PBXProject section */

/* Begin PBXResourcesBuildPhase section */
		D68752421D04289C00C39020 /* Resources */ = {
			isa = PBXResourcesBuildPhase;
			buildActionMask = 2147483647;
			files = (
				D68752691D0592D900C39020 /* CustomCell.xib in Resources */,
				D68752541D04289C00C39020 /* Assets.xcassets in Resources */,
				D68752521D04289C00C39020 /* Main.storyboard in Resources */,
			);
			runOnlyForDeploymentPostprocessing = 0;
		};
/* End PBXResourcesBuildPhase section */

/* Begin PBXSourcesBuildPhase section */
		D68752401D04289C00C39020 /* Sources */ = {
			isa = PBXSourcesBuildPhase;
			buildActionMask = 2147483647;
			files = (
				D687524C1D04289C00C39020 /* AppDelegate.m in Sources */,
				D68752601D042D6800C39020 /* TableViewController.m in Sources */,
				D687526F1D0593B900C39020 /* CustomCell.m in Sources */,
				D68752491D04289C00C39020 /* main.m in Sources */,
			);
			runOnlyForDeploymentPostprocessing = 0;
		};
/* End PBXSourcesBuildPhase section */

/* Begin PBXVariantGroup section */
		D68752501D04289C00C39020 /* Main.storyboard */ = {
			isa = PBXVariantGroup;
			children = (
				D68752511D04289C00C39020 /* Base */,
			);
			name = Main.storyboard;
			sourceTree = "<group>";
		};
/* End PBXVariantGroup section */

/* Begin XCBuildConfiguration section */
		D68752591D04289C00C39020 /* Debug */ = {
			isa = XCBuildConfiguration;
			buildSettings = {
				ALWAYS_SEARCH_USER_PATHS = NO;
				CLANG_CXX_LANGUAGE_STANDARD = "gnu++0x";
				CLANG_CXX_LIBRARY = "libc++";
				CLANG_ENABLE_MODULES = YES;
				CLANG_ENABLE_OBJC_ARC = YES;
				CLANG_WARN_BOOL_CONVERSION = YES;
				CLANG_WARN_CONSTANT_CONVERSION = YES;
				CLANG_WARN_DIRECT_OBJC_ISA_USAGE = YES_ERROR;
				CLANG_WARN_EMPTY_BODY = YES;
				CLANG_WARN_ENUM_CONVERSION = YES;
				CLANG_WARN_INT_CONVERSION = YES;
				CLANG_WARN_OBJC_ROOT_CLASS = YES_ERROR;
				CLANG_WARN_UNREACHABLE_CODE = YES;
				CLANG_WARN__DUPLICATE_METHOD_MATCH = YES;
				"CODE_SIGN_IDENTITY[sdk=iphoneos*]" = "iPhone Developer";
				COPY_PHASE_STRIP = NO;
				DEBUG_INFORMATION_FORMAT = dwarf;
				ENABLE_STRICT_OBJC_MSGSEND = YES;
				ENABLE_TESTABILITY = YES;
				GCC_C_LANGUAGE_STANDARD = gnu99;
				GCC_DYNAMIC_NO_PIC = NO;
				GCC_NO_COMMON_BLOCKS = YES;
				GCC_OPTIMIZATION_LEVEL = 0;
				GCC_PREPROCESSOR_DEFINITIONS = (
					"DEBUG=1",
					"$(inherited)",
				);
				GCC_WARN_64_TO_32_BIT_CONVERSION = YES;
				GCC_WARN_ABOUT_RETURN_TYPE = YES_ERROR;
				GCC_WARN_UNDECLARED_SELECTOR = YES;
				GCC_WARN_UNINITIALIZED_AUTOS = YES_AGGRESSIVE;
				GCC_WARN_UNUSED_FUNCTION = YES;
				GCC_WARN_UNUSED_VARIABLE = YES;
				IPHONEOS_DEPLOYMENT_TARGET = 9.2;
				MTL_ENABLE_DEBUG_INFO = YES;
				ONLY_ACTIVE_ARCH = YES;
				SDKROOT = iphoneos;
				TARGETED_DEVICE_FAMILY = "1,2";
			};
			name = Debug;
		};
		D687525A1D04289C00C39020 /* Release */ = {
			isa = XCBuildConfiguration;
			buildSettings = {
				ALWAYS_SEARCH_USER_PATHS = NO;
				CLANG_CXX_LANGUAGE_STANDARD = "gnu++0x";
				CLANG_CXX_LIBRARY = "libc++";
				CLANG_ENABLE_MODULES = YES;
				CLANG_ENABLE_OBJC_ARC = YES;
				CLANG_WARN_BOOL_CONVERSION = YES;
				CLANG_WARN_CONSTANT_CONVERSION = YES;
				CLANG_WARN_DIRECT_OBJC_ISA_USAGE = YES_ERROR;
				CLANG_WARN_EMPTY_BODY = YES;
				CLANG_WARN_ENUM_CONVERSION = YES;
				CLANG_WARN_INT_CONVERSION = YES;
				CLANG_WARN_OBJC_ROOT_CLASS = YES_ERROR;
				CLANG_WARN_UNREACHABLE_CODE = YES;
				CLANG_WARN__DUPLICATE_METHOD_MATCH = YES;
				"CODE_SIGN_IDENTITY[sdk=iphoneos*]" = "iPhone Developer";
				COPY_PHASE_STRIP = NO;
				DEBUG_INFORMATION_FORMAT = "dwarf-with-dsym";
				ENABLE_NS_ASSERTIONS = NO;
				ENABLE_STRICT_OBJC_MSGSEND = YES;
				GCC_C_LANGUAGE_STANDARD = gnu99;
				GCC_NO_COMMON_BLOCKS = YES;
				GCC_WARN_64_TO_32_BIT_CONVERSION = YES;
				GCC_WARN_ABOUT_RETURN_TYPE = YES_ERROR;
				GCC_WARN_UNDECLARED_SELECTOR = YES;
				GCC_WARN_UNINITIALIZED_AUTOS = YES_AGGRESSIVE;
				GCC_WARN_UNUSED_FUNCTION = YES;
				GCC_WARN_UNUSED_VARIABLE = YES;
				IPHONEOS_DEPLOYMENT_TARGET = 9.2;
				MTL_ENABLE_DEBUG_INFO = NO;
				SDKROOT = iphoneos;
				TARGETED_DEVICE_FAMILY = "1,2";
				VALIDATE_PRODUCT = YES;
			};
			name = Release;
		};
		D687525C1D04289C00C39020 /* Debug */ = {
			isa = XCBuildConfiguration;
			buildSettings = {
				ASSETCATALOG_COMPILER_APPICON_NAME = AppIcon;
				INFOPLIST_FILE = "Using UiViewTable/Info.plist";
				LD_RUNPATH_SEARCH_PATHS = "$(inherited) @executable_path/Frameworks";
				PRODUCT_BUNDLE_IDENTIFIER = "abhishek.Using-UiViewTable";
				PRODUCT_NAME = "$(TARGET_NAME)";
			};
			name = Debug;
		};
		D687525D1D04289C00C39020 /* Release */ = {
			isa = XCBuildConfiguration;
			buildSettings = {
				ASSETCATALOG_COMPILER_APPICON_NAME = AppIcon;
				INFOPLIST_FILE = "Using UiViewTable/Info.plist";
				LD_RUNPATH_SEARCH_PATHS = "$(inherited) @executable_path/Frameworks";
				PRODUCT_BUNDLE_IDENTIFIER = "abhishek.Using-UiViewTable";
				PRODUCT_NAME = "$(TARGET_NAME)";
			};
			name = Release;
		};
/* End XCBuildConfiguration section */

/* Begin XCConfigurationList section */
		D687523F1D04289C00C39020 /* Build configuration list for PBXProject "Using UiViewTable" */ = {
			isa = XCConfigurationList;
			buildConfigurations = (
				D68752591D04289C00C39020 /* Debug */,
				D687525A1D04289C00C39020 /* Release */,
			);
			defaultConfigurationIsVisible = 0;
			defaultConfigurationName = Release;
		};
		D687525B1D04289C00C39020 /* Build configuration list for PBXNativeTarget "Using UiViewTable" */ = {
			isa = XCConfigurationList;
			buildConfigurations = (
				D687525C1D04289C00C39020 /* Debug */,
				D687525D1D04289C00C39020 /* Release */,
			);
			defaultConfigurationIsVisible = 0;
			defaultConfigurationName = Release;
		};
/* End XCConfigurationList section */
	};
	rootObject = D687523C1D04289C00C39020 /* Project object */;
}
